
Microsoft Visual Studio Solution File, Format Version 12.00
# Visual Studio Version 16
VisualStudioVersion = 16.0.31702.278
MinimumVisualStudioVersion = 10.0.40219.1
Project("{FAE04EC0-301F-11D3-BF4B-00C04F79EFBC}") = "Lab01_efektywnosc_alg_sort", "Lab01_efektywnosc_alg_sort\Lab01_efektywnosc_alg_sort.csproj", "{C02A8FA9-BD70-423B-8AFC-C73E3BE13D11}"
EndProject
Global
	GlobalSection(SolutionConfigurationPlatforms) = preSolution
		Debug|Any CPU = Debug|Any CPU
		Release|Any CPU = Release|Any CPU
	EndGlobalSection
	GlobalSection(ProjectConfigurationPlatforms) = postSolution
		{C02A8FA9-BD70-423B-8AFC-C73E3BE13D11}.Debug|Any CPU.ActiveCfg = Debug|Any CPU
		{C02A8FA9-BD70-423B-8AFC-C73E3BE13D11}.Debug|Any CPU.Build.0 = Debug|Any CPU
		{C02A8FA9-BD70-423B-8AFC-C73E3BE13D11}.Release|Any CPU.ActiveCfg = Release|Any CPU
		{C02A8FA9-BD70-423B-8AFC-C73E3BE13D11}.Release|Any CPU.Build.0 = Release|Any CPU
	EndGlobalSection
	GlobalSection(SolutionProperties) = preSolution
		HideSolutionNode = FALSE
	EndGlobalSection
	GlobalSection(ExtensibilityGlobals) = postSolution
		SolutionGuid = {CF7D5B1E-2937-44B9-8C38-FAC083BBC92A}
	EndGlobalSection
EndGlobal
